
Microsoft Visual Studio Solution File, Format Version 12.00
# Visual Studio Version 17
VisualStudioVersion = 17.2.32616.157
MinimumVisualStudioVersion = 10.0.40219.1
Project("{FAE04EC0-301F-11D3-BF4B-00C04F79EFBC}") = "Ispit.Todo", "Ispit.Todo.csproj", "{57E107E3-6E86-428F-A2DA-97BB6F904D5C}"
EndProject
Global
	GlobalSection(SolutionConfigurationPlatforms) = preSolution
		Debug|Any CPU = Debug|Any CPU
		Release|Any CPU = Release|Any CPU
	EndGlobalSection
	GlobalSection(ProjectConfigurationPlatforms) = postSolution
		{57E107E3-6E86-428F-A2DA-97BB6F904D5C}.Debug|Any CPU.ActiveCfg = Debug|Any CPU
		{57E107E3-6E86-428F-A2DA-97BB6F904D5C}.Debug|Any CPU.Build.0 = Debug|Any CPU
		{57E107E3-6E86-428F-A2DA-97BB6F904D5C}.Release|Any CPU.ActiveCfg = Release|Any CPU
		{57E107E3-6E86-428F-A2DA-97BB6F904D5C}.Release|Any CPU.Build.0 = Release|Any CPU
	EndGlobalSection
	GlobalSection(SolutionProperties) = preSolution
		HideSolutionNode = FALSE
	EndGlobalSection
	GlobalSection(ExtensibilityGlobals) = postSolution
		SolutionGuid = {D2318904-E8DA-4735-A310-F6FC3B04B2C2}
	EndGlobalSection
EndGlobal
